// !$*UTF8*$!
{
	archiveVersion = 1;
	classes = {
	};
	objectVersion = 46;
	objects = {

/* Begin PBXBuildFile section */
		86161EE31D5E29B4000A3DFC /* main.m in Sources */ = {isa = PBXBuildFile; fileRef = 86161EE21D5E29B4000A3DFC /* main.m */; };
		86161EEB1D5E2A13000A3DFC /* human.m in Sources */ = {isa = PBXBuildFile; fileRef = 86161EEA1D5E2A13000A3DFC /* human.m */; };
/* End PBXBuildFile section */

/* Begin PBXCopyFilesBuildPhase section */
		86161EDD1D5E29B4000A3DFC /* CopyFiles */ = {
			isa = PBXCopyFilesBuildPhase;
			buildActionMask = 2147483647;
			dstPath = /usr/share/man/man1/;
			dstSubfolderSpec = 0;
			files = (
			);
			runOnlyForDeploymentPostprocessing = 1;
		};
/* End PBXCopyFilesBuildPhase section */

/* Begin PBXFileReference section */
		86161EDF1D5E29B4000A3DFC /* check1 */ = {isa = PBXFileReference; explicitFileType = "compiled.mach-o.executable"; includeInIndex = 0; path = check1; sourceTree = BUILT_PRODUCTS_DIR; };
		86161EE21D5E29B4000A3DFC /* main.m */ = {isa = PBXFileReference; lastKnownFileType = sourcecode.c.objc; path = main.m; sourceTree = "<group>"; };
		86161EE91D5E2A13000A3DFC /* human.h */ = {isa = PBXFileReference; fileEncoding = 4; lastKnownFileType = sourcecode.c.h; path = human.h; sourceTree = "<group>"; };
		86161EEA1D5E2A13000A3DFC /* human.m */ = {isa = PBXFileReference; fileEncoding = 4; lastKnownFileType = sourcecode.c.objc; path = human.m; sourceTree = "<group>"; };
/* End PBXFileReference section */

/* Begin PBXFrameworksBuildPhase section */
		86161EDC1D5E29B4000A3DFC /* Frameworks */ = {
			isa = PBXFrameworksBuildPhase;
			buildActionMask = 2147483647;
			files = (
			);
			runOnlyForDeploymentPostprocessing = 0;
		};
/* End PBXFrameworksBuildPhase section */

/* Begin PBXGroup section */
		86161ED61D5E29B4000A3DFC = {
			isa = PBXGroup;
			children = (
				86161EE11D5E29B4000A3DFC /* check1 */,
				86161EE01D5E29B4000A3DFC /* Products */,
			);
			sourceTree = "<group>";
		};
		86161EE01D5E29B4000A3DFC /* Products */ = {
			isa = PBXGroup;
			children = (
				86161EDF1D5E29B4000A3DFC /* check1 */,
			);
			name = Products;
			sourceTree = "<group>";
		};
		86161EE11D5E29B4000A3DFC /* check1 */ = {
			isa = PBXGroup;
			children = (
				86161EE21D5E29B4000A3DFC /* main.m */,
				86161EE91D5E2A13000A3DFC /* human.h */,
				86161EEA1D5E2A13000A3DFC /* human.m */,
			);
			path = check1;
			sourceTree = "<group>";
		};
/* End PBXGroup section */

/* Begin PBXNativeTarget section */
		86161EDE1D5E29B4000A3DFC /* check1 */ = {
			isa = PBXNativeTarget;
			buildConfigurationList = 86161EE61D5E29B4000A3DFC /* Build configuration list for PBXNativeTarget "check1" */;
			buildPhases = (
				86161EDB1D5E29B4000A3DFC /* Sources */,
				86161EDC1D5E29B4000A3DFC /* Frameworks */,
				86161EDD1D5E29B4000A3DFC /* CopyFiles */,
			);
			buildRules = (
			);
			dependencies = (
			);
			name = check1;
			productName = check1;
			productReference = 86161EDF1D5E29B4000A3DFC /* check1 */;
			productType = "com.apple.product-type.tool";
		};
/* End PBXNativeTarget section */

/* Begin PBXProject section */
		86161ED71D5E29B4000A3DFC /* Project object */ = {
			isa = PBXProject;
			attributes = {
				LastUpgradeCheck = 0720;
				ORGANIZATIONNAME = Saibersys;
				TargetAttributes = {
					86161EDE1D5E29B4000A3DFC = {
						CreatedOnToolsVersion = 7.2;
					};
				};
			};
			buildConfigurationList = 86161EDA1D5E29B4000A3DFC /* Build configuration list for PBXProject "check1" */;
			compatibilityVersion = "Xcode 3.2";
			developmentRegion = English;
			hasScannedForEncodings = 0;
			knownRegions = (
				en,
			);
			mainGroup = 86161ED61D5E29B4000A3DFC;
			productRefGroup = 86161EE01D5E29B4000A3DFC /* Products */;
			projectDirPath = "";
			projectRoot = "";
			targets = (
				86161EDE1D5E29B4000A3DFC /* check1 */,
			);
		};
/* End PBXProject section */

/* Begin PBXSourcesBuildPhase section */
		86161EDB1D5E29B4000A3DFC /* Sources */ = {
			isa = PBXSourcesBuildPhase;
			buildActionMask = 2147483647;
			files = (
				86161EE31D5E29B4000A3DFC /* main.m in Sources */,
				86161EEB1D5E2A13000A3DFC /* human.m in Sources */,
			);
			runOnlyForDeploymentPostprocessing = 0;
		};
/* End PBXSourcesBuildPhase section */

/* Begin XCBuildConfiguration section */
		86161EE41D5E29B4000A3DFC /* Debug */ = {
			isa = XCBuildConfiguration;
			buildSettings = {
				ALWAYS_SEARCH_USER_PATHS = NO;
				CLANG_CXX_LANGUAGE_STANDARD = "gnu++0x";
				CLANG_CXX_LIBRARY = "libc++";
				CLANG_ENABLE_MODULES = YES;
				CLANG_ENABLE_OBJC_ARC = YES;
				CLANG_WARN_BOOL_CONVERSION = YES;
				CLANG_WARN_CONSTANT_CONVERSION = YES;
				CLANG_WARN_DIRECT_OBJC_ISA_USAGE = YES_ERROR;
				CLANG_WARN_EMPTY_BODY = YES;
				CLANG_WARN_ENUM_CONVERSION = YES;
				CLANG_WARN_INT_CONVERSION = YES;
				CLANG_WARN_OBJC_ROOT_CLASS = YES_ERROR;
				CLANG_WARN_UNREACHABLE_CODE = YES;
				CLANG_WARN__DUPLICATE_METHOD_MATCH = YES;
				CODE_SIGN_IDENTITY = "-";
				COPY_PHASE_STRIP = NO;
				DEBUG_INFORMATION_FORMAT = dwarf;
				ENABLE_STRICT_OBJC_MSGSEND = YES;
				ENABLE_TESTABILITY = YES;
				GCC_C_LANGUAGE_STANDARD = gnu99;
				GCC_DYNAMIC_NO_PIC = NO;
				GCC_NO_COMMON_BLOCKS = YES;
				GCC_OPTIMIZATION_LEVEL = 0;
				GCC_PREPROCESSOR_DEFINITIONS = (
					"DEBUG=1",
					"$(inherited)",
				);
				GCC_WARN_64_TO_32_BIT_CONVERSION = YES;
				GCC_WARN_ABOUT_RETURN_TYPE = YES_ERROR;
				GCC_WARN_UNDECLARED_SELECTOR = YES;
				GCC_WARN_UNINITIALIZED_AUTOS = YES_AGGRESSIVE;
				GCC_WARN_UNUSED_FUNCTION = YES;
				GCC_WARN_UNUSED_VARIABLE = YES;
				MACOSX_DEPLOYMENT_TARGET = 10.11;
				MTL_ENABLE_DEBUG_INFO = YES;
				ONLY_ACTIVE_ARCH = YES;
				SDKROOT = macosx;
			};
			name = Debug;
		};
		86161EE51D5E29B4000A3DFC /* Release */ = {
			isa = XCBuildConfiguration;
			buildSettings = {
				ALWAYS_SEARCH_USER_PATHS = NO;
				CLANG_CXX_LANGUAGE_STANDARD = "gnu++0x";
				CLANG_CXX_LIBRARY = "libc++";
				CLANG_ENABLE_MODULES = YES;
				CLANG_ENABLE_OBJC_ARC = YES;
				CLANG_WARN_BOOL_CONVERSION = YES;
				CLANG_WARN_CONSTANT_CONVERSION = YES;
				CLANG_WARN_DIRECT_OBJC_ISA_USAGE = YES_ERROR;
				CLANG_WARN_EMPTY_BODY = YES;
				CLANG_WARN_ENUM_CONVERSION = YES;
				CLANG_WARN_INT_CONVERSION = YES;
				CLANG_WARN_OBJC_ROOT_CLASS = YES_ERROR;
				CLANG_WARN_UNREACHABLE_CODE = YES;
				CLANG_WARN__DUPLICATE_METHOD_MATCH = YES;
				CODE_SIGN_IDENTITY = "-";
				COPY_PHASE_STRIP = NO;
				DEBUG_INFORMATION_FORMAT = "dwarf-with-dsym";
				ENABLE_NS_ASSERTIONS = NO;
				ENABLE_STRICT_OBJC_MSGSEND = YES;
				GCC_C_LANGUAGE_STANDARD = gnu99;
				GCC_NO_COMMON_BLOCKS = YES;
				GCC_WARN_64_TO_32_BIT_CONVERSION = YES;
				GCC_WARN_ABOUT_RETURN_TYPE = YES_ERROR;
				GCC_WARN_UNDECLARED_SELECTOR = YES;
				GCC_WARN_UNINITIALIZED_AUTOS = YES_AGGRESSIVE;
				GCC_WARN_UNUSED_FUNCTION = YES;
				GCC_WARN_UNUSED_VARIABLE = YES;
				MACOSX_DEPLOYMENT_TARGET = 10.11;
				MTL_ENABLE_DEBUG_INFO = NO;
				SDKROOT = macosx;
			};
			name = Release;
		};
		86161EE71D5E29B4000A3DFC /* Debug */ = {
			isa = XCBuildConfiguration;
			buildSettings = {
				PRODUCT_NAME = "$(TARGET_NAME)";
			};
			name = Debug;
		};
		86161EE81D5E29B4000A3DFC /* Release */ = {
			isa = XCBuildConfiguration;
			buildSettings = {
				PRODUCT_NAME = "$(TARGET_NAME)";
			};
			name = Release;
		};
/* End XCBuildConfiguration section */

/* Begin XCConfigurationList section */
		86161EDA1D5E29B4000A3DFC /* Build configuration list for PBXProject "check1" */ = {
			isa = XCConfigurationList;
			buildConfigurations = (
				86161EE41D5E29B4000A3DFC /* Debug */,
				86161EE51D5E29B4000A3DFC /* Release */,
			);
			defaultConfigurationIsVisible = 0;
			defaultConfigurationName = Release;
		};
		86161EE61D5E29B4000A3DFC /* Build configuration list for PBXNativeTarget "check1" */ = {
			isa = XCConfigurationList;
			buildConfigurations = (
				86161EE71D5E29B4000A3DFC /* Debug */,
				86161EE81D5E29B4000A3DFC /* Release */,
			);
			defaultConfigurationIsVisible = 0;
		};
/* End XCConfigurationList section */
	};
	rootObject = 86161ED71D5E29B4000A3DFC /* Project object */;
}
